// !$*UTF8*$!
{
	archiveVersion = 1;
	classes = {
	};
	objectVersion = 50;
	objects = {

/* Begin PBXBuildFile section */
		8C804993255AE62100B3A216 /* 10-11-2020-1(Maximum Difference Between Node and Ancestor).cpp in Sources */ = {isa = PBXBuildFile; fileRef = 8C804991255AE62100B3A216 /* 10-11-2020-1(Maximum Difference Between Node and Ancestor).cpp */; };
		8C804996255B23AA00B3A216 /* Kids With the Greatest Number of Candies(1431).cpp in Sources */ = {isa = PBXBuildFile; fileRef = 8C804995255B23AA00B3A216 /* Kids With the Greatest Number of Candies(1431).cpp */; };
		8C804998255B25AE00B3A216 /* How Many Numbers Are Smaller Than the Current Number.cpp in Sources */ = {isa = PBXBuildFile; fileRef = 8C804997255B25AE00B3A216 /* How Many Numbers Are Smaller Than the Current Number.cpp */; };
		8C80499A255B30A700B3A216 /* Split a String in Balanced Strings.cpp in Sources */ = {isa = PBXBuildFile; fileRef = 8C804999255B30A700B3A216 /* Split a String in Balanced Strings.cpp */; };
		8C80499C255B349000B3A216 /* Minimum Time Visiting All Points.cpp in Sources */ = {isa = PBXBuildFile; fileRef = 8C80499B255B349000B3A216 /* Minimum Time Visiting All Points.cpp */; };
		8C80499E255B487800B3A216 /* Squares of a Sorted Array.cpp in Sources */ = {isa = PBXBuildFile; fileRef = 8C80499D255B487800B3A216 /* Squares of a Sorted Array.cpp */; };
		8C8049A0255B4B3C00B3A216 /* Reverse Words in a String III.cpp in Sources */ = {isa = PBXBuildFile; fileRef = 8C80499F255B4B3C00B3A216 /* Reverse Words in a String III.cpp */; };
		8C8049A6255B538100B3A216 /* Remove All Adjacent Duplicates In String.cpp in Sources */ = {isa = PBXBuildFile; fileRef = 8C8049A5255B538100B3A216 /* Remove All Adjacent Duplicates In String.cpp */; };
		8C8049A8255B560300B3A216 /* Maximum Depth of Binary Tree.cpp in Sources */ = {isa = PBXBuildFile; fileRef = 8C8049A7255B560300B3A216 /* Maximum Depth of Binary Tree.cpp */; };
		8CC97EA82518128D00A38A56 /* main.cpp in Sources */ = {isa = PBXBuildFile; fileRef = 8CC97EA72518128D00A38A56 /* main.cpp */; };
/* End PBXBuildFile section */

/* Begin PBXCopyFilesBuildPhase section */
		8CC97EA22518128D00A38A56 /* CopyFiles */ = {
			isa = PBXCopyFilesBuildPhase;
			buildActionMask = 2147483647;
			dstPath = /usr/share/man/man1/;
			dstSubfolderSpec = 0;
			files = (
			);
			runOnlyForDeploymentPostprocessing = 1;
		};
/* End PBXCopyFilesBuildPhase section */

/* Begin PBXFileReference section */
		8C804990255AE5F500B3A216 /* 10:11:2020.h */ = {isa = PBXFileReference; lastKnownFileType = sourcecode.c.h; path = "10:11:2020.h"; sourceTree = "<group>"; };
		8C804991255AE62100B3A216 /* 10-11-2020-1(Maximum Difference Between Node and Ancestor).cpp */ = {isa = PBXFileReference; lastKnownFileType = sourcecode.cpp.cpp; path = "10-11-2020-1(Maximum Difference Between Node and Ancestor).cpp"; sourceTree = "<group>"; };
		8C804995255B23AA00B3A216 /* Kids With the Greatest Number of Candies(1431).cpp */ = {isa = PBXFileReference; lastKnownFileType = sourcecode.cpp.cpp; path = "Kids With the Greatest Number of Candies(1431).cpp"; sourceTree = "<group>"; };
		8C804997255B25AE00B3A216 /* How Many Numbers Are Smaller Than the Current Number.cpp */ = {isa = PBXFileReference; lastKnownFileType = sourcecode.cpp.cpp; path = "How Many Numbers Are Smaller Than the Current Number.cpp"; sourceTree = "<group>"; };
		8C804999255B30A700B3A216 /* Split a String in Balanced Strings.cpp */ = {isa = PBXFileReference; lastKnownFileType = sourcecode.cpp.cpp; path = "Split a String in Balanced Strings.cpp"; sourceTree = "<group>"; };
		8C80499B255B349000B3A216 /* Minimum Time Visiting All Points.cpp */ = {isa = PBXFileReference; lastKnownFileType = sourcecode.cpp.cpp; path = "Minimum Time Visiting All Points.cpp"; sourceTree = "<group>"; };
		8C80499D255B487800B3A216 /* Squares of a Sorted Array.cpp */ = {isa = PBXFileReference; lastKnownFileType = sourcecode.cpp.cpp; path = "Squares of a Sorted Array.cpp"; sourceTree = "<group>"; };
		8C80499F255B4B3C00B3A216 /* Reverse Words in a String III.cpp */ = {isa = PBXFileReference; lastKnownFileType = sourcecode.cpp.cpp; path = "Reverse Words in a String III.cpp"; sourceTree = "<group>"; };
		8C8049A5255B538100B3A216 /* Remove All Adjacent Duplicates In String.cpp */ = {isa = PBXFileReference; lastKnownFileType = sourcecode.cpp.cpp; path = "Remove All Adjacent Duplicates In String.cpp"; sourceTree = "<group>"; };
		8C8049A7255B560300B3A216 /* Maximum Depth of Binary Tree.cpp */ = {isa = PBXFileReference; lastKnownFileType = sourcecode.cpp.cpp; path = "Maximum Depth of Binary Tree.cpp"; sourceTree = "<group>"; };
		8CC97EA42518128D00A38A56 /* interviewPractise */ = {isa = PBXFileReference; explicitFileType = "compiled.mach-o.executable"; includeInIndex = 0; path = interviewPractise; sourceTree = BUILT_PRODUCTS_DIR; };
		8CC97EA72518128D00A38A56 /* main.cpp */ = {isa = PBXFileReference; lastKnownFileType = sourcecode.cpp.cpp; path = main.cpp; sourceTree = "<group>"; };
/* End PBXFileReference section */

/* Begin PBXFrameworksBuildPhase section */
		8CC97EA12518128D00A38A56 /* Frameworks */ = {
			isa = PBXFrameworksBuildPhase;
			buildActionMask = 2147483647;
			files = (
			);
			runOnlyForDeploymentPostprocessing = 0;
		};
/* End PBXFrameworksBuildPhase section */

/* Begin PBXGroup section */
		8C804994255B233400B3A216 /* Bloomberg Question */ = {
			isa = PBXGroup;
			children = (
				8C8049AA255B579500B3A216 /* EASY */,
			);
			path = "Bloomberg Question";
			sourceTree = "<group>";
		};
		8C8049A1255B4B7600B3A216 /* Daily */ = {
			isa = PBXGroup;
			children = (
				8C8049A2255B4BA500B3A216 /* Nov */,
			);
			path = Daily;
			sourceTree = "<group>";
		};
		8C8049A2255B4BA500B3A216 /* Nov */ = {
			isa = PBXGroup;
			children = (
			);
			path = Nov;
			sourceTree = "<group>";
		};
		8C8049A4255B4BC600B3A216 /* C++ Utils */ = {
			isa = PBXGroup;
			children = (
			);
			path = "C++ Utils";
			sourceTree = "<group>";
		};
		8C8049AA255B579500B3A216 /* EASY */ = {
			isa = PBXGroup;
			children = (
				8C804995255B23AA00B3A216 /* Kids With the Greatest Number of Candies(1431).cpp */,
				8C804997255B25AE00B3A216 /* How Many Numbers Are Smaller Than the Current Number.cpp */,
				8C804999255B30A700B3A216 /* Split a String in Balanced Strings.cpp */,
				8C80499B255B349000B3A216 /* Minimum Time Visiting All Points.cpp */,
				8C80499D255B487800B3A216 /* Squares of a Sorted Array.cpp */,
				8C80499F255B4B3C00B3A216 /* Reverse Words in a String III.cpp */,
				8C8049A5255B538100B3A216 /* Remove All Adjacent Duplicates In String.cpp */,
				8C8049A7255B560300B3A216 /* Maximum Depth of Binary Tree.cpp */,
			);
			path = EASY;
			sourceTree = "<group>";
		};
		8CC97E9B2518128D00A38A56 = {
			isa = PBXGroup;
			children = (
				8CC97EA62518128D00A38A56 /* interviewPractise */,
				8CC97EA52518128D00A38A56 /* Products */,
			);
			sourceTree = "<group>";
		};
		8CC97EA52518128D00A38A56 /* Products */ = {
			isa = PBXGroup;
			children = (
				8CC97EA42518128D00A38A56 /* interviewPractise */,
			);
			name = Products;
			sourceTree = "<group>";
		};
		8CC97EA62518128D00A38A56 /* interviewPractise */ = {
			isa = PBXGroup;
			children = (
				8CC97EA72518128D00A38A56 /* main.cpp */,
				8C804990255AE5F500B3A216 /* 10:11:2020.h */,
				8C804991255AE62100B3A216 /* 10-11-2020-1(Maximum Difference Between Node and Ancestor).cpp */,
				8C8049A4255B4BC600B3A216 /* C++ Utils */,
				8C8049A1255B4B7600B3A216 /* Daily */,
				8C804994255B233400B3A216 /* Bloomberg Question */,
			);
			path = interviewPractise;
			sourceTree = "<group>";
		};
/* End PBXGroup section */

/* Begin PBXNativeTarget section */
		8CC97EA32518128D00A38A56 /* interviewPractise */ = {
			isa = PBXNativeTarget;
			buildConfigurationList = 8CC97EAB2518128D00A38A56 /* Build configuration list for PBXNativeTarget "interviewPractise" */;
			buildPhases = (
				8CC97EA02518128D00A38A56 /* Sources */,
				8CC97EA12518128D00A38A56 /* Frameworks */,
				8CC97EA22518128D00A38A56 /* CopyFiles */,
			);
			buildRules = (
			);
			dependencies = (
			);
			name = interviewPractise;
			productName = interviewPractise;
			productReference = 8CC97EA42518128D00A38A56 /* interviewPractise */;
			productType = "com.apple.product-type.tool";
		};
/* End PBXNativeTarget section */

/* Begin PBXProject section */
		8CC97E9C2518128D00A38A56 /* Project object */ = {
			isa = PBXProject;
			attributes = {
				LastUpgradeCheck = 1150;
				ORGANIZATIONNAME = "John Doherty";
				TargetAttributes = {
					8CC97EA32518128D00A38A56 = {
						CreatedOnToolsVersion = 11.5;
					};
				};
			};
			buildConfigurationList = 8CC97E9F2518128D00A38A56 /* Build configuration list for PBXProject "interviewPractise" */;
			compatibilityVersion = "Xcode 9.3";
			developmentRegion = en;
			hasScannedForEncodings = 0;
			knownRegions = (
				en,
				Base,
			);
			mainGroup = 8CC97E9B2518128D00A38A56;
			productRefGroup = 8CC97EA52518128D00A38A56 /* Products */;
			projectDirPath = "";
			projectRoot = "";
			targets = (
				8CC97EA32518128D00A38A56 /* interviewPractise */,
			);
		};
/* End PBXProject section */

/* Begin PBXSourcesBuildPhase section */
		8CC97EA02518128D00A38A56 /* Sources */ = {
			isa = PBXSourcesBuildPhase;
			buildActionMask = 2147483647;
			files = (
				8C80499E255B487800B3A216 /* Squares of a Sorted Array.cpp in Sources */,
				8C804998255B25AE00B3A216 /* How Many Numbers Are Smaller Than the Current Number.cpp in Sources */,
				8C8049A8255B560300B3A216 /* Maximum Depth of Binary Tree.cpp in Sources */,
				8C80499A255B30A700B3A216 /* Split a String in Balanced Strings.cpp in Sources */,
				8C804993255AE62100B3A216 /* 10-11-2020-1(Maximum Difference Between Node and Ancestor).cpp in Sources */,
				8C80499C255B349000B3A216 /* Minimum Time Visiting All Points.cpp in Sources */,
				8C8049A0255B4B3C00B3A216 /* Reverse Words in a String III.cpp in Sources */,
				8CC97EA82518128D00A38A56 /* main.cpp in Sources */,
				8C8049A6255B538100B3A216 /* Remove All Adjacent Duplicates In String.cpp in Sources */,
				8C804996255B23AA00B3A216 /* Kids With the Greatest Number of Candies(1431).cpp in Sources */,
			);
			runOnlyForDeploymentPostprocessing = 0;
		};
/* End PBXSourcesBuildPhase section */

/* Begin XCBuildConfiguration section */
		8CC97EA92518128D00A38A56 /* Debug */ = {
			isa = XCBuildConfiguration;
			buildSettings = {
				ALWAYS_SEARCH_USER_PATHS = NO;
				CLANG_ANALYZER_NONNULL = YES;
				CLANG_ANALYZER_NUMBER_OBJECT_CONVERSION = YES_AGGRESSIVE;
				CLANG_CXX_LANGUAGE_STANDARD = "gnu++14";
				CLANG_CXX_LIBRARY = "libc++";
				CLANG_ENABLE_MODULES = YES;
				CLANG_ENABLE_OBJC_ARC = YES;
				CLANG_ENABLE_OBJC_WEAK = YES;
				CLANG_WARN_BLOCK_CAPTURE_AUTORELEASING = YES;
				CLANG_WARN_BOOL_CONVERSION = YES;
				CLANG_WARN_COMMA = YES;
				CLANG_WARN_CONSTANT_CONVERSION = YES;
				CLANG_WARN_DEPRECATED_OBJC_IMPLEMENTATIONS = YES;
				CLANG_WARN_DIRECT_OBJC_ISA_USAGE = YES_ERROR;
				CLANG_WARN_DOCUMENTATION_COMMENTS = YES;
				CLANG_WARN_EMPTY_BODY = YES;
				CLANG_WARN_ENUM_CONVERSION = YES;
				CLANG_WARN_INFINITE_RECURSION = YES;
				CLANG_WARN_INT_CONVERSION = YES;
				CLANG_WARN_NON_LITERAL_NULL_CONVERSION = YES;
				CLANG_WARN_OBJC_IMPLICIT_RETAIN_SELF = YES;
				CLANG_WARN_OBJC_LITERAL_CONVERSION = YES;
				CLANG_WARN_OBJC_ROOT_CLASS = YES_ERROR;
				CLANG_WARN_RANGE_LOOP_ANALYSIS = YES;
				CLANG_WARN_STRICT_PROTOTYPES = YES;
				CLANG_WARN_SUSPICIOUS_MOVE = YES;
				CLANG_WARN_UNGUARDED_AVAILABILITY = YES_AGGRESSIVE;
				CLANG_WARN_UNREACHABLE_CODE = YES;
				CLANG_WARN__DUPLICATE_METHOD_MATCH = YES;
				COPY_PHASE_STRIP = NO;
				DEBUG_INFORMATION_FORMAT = dwarf;
				ENABLE_STRICT_OBJC_MSGSEND = YES;
				ENABLE_TESTABILITY = YES;
				GCC_C_LANGUAGE_STANDARD = gnu11;
				GCC_DYNAMIC_NO_PIC = NO;
				GCC_NO_COMMON_BLOCKS = YES;
				GCC_OPTIMIZATION_LEVEL = 0;
				GCC_PREPROCESSOR_DEFINITIONS = (
					"DEBUG=1",
					"$(inherited)",
				);
				GCC_WARN_64_TO_32_BIT_CONVERSION = YES;
				GCC_WARN_ABOUT_RETURN_TYPE = YES_ERROR;
				GCC_WARN_UNDECLARED_SELECTOR = YES;
				GCC_WARN_UNINITIALIZED_AUTOS = YES_AGGRESSIVE;
				GCC_WARN_UNUSED_FUNCTION = YES;
				GCC_WARN_UNUSED_VARIABLE = YES;
				MACOSX_DEPLOYMENT_TARGET = 10.15;
				MTL_ENABLE_DEBUG_INFO = INCLUDE_SOURCE;
				MTL_FAST_MATH = YES;
				ONLY_ACTIVE_ARCH = YES;
				SDKROOT = macosx;
			};
			name = Debug;
		};
		8CC97EAA2518128D00A38A56 /* Release */ = {
			isa = XCBuildConfiguration;
			buildSettings = {
				ALWAYS_SEARCH_USER_PATHS = NO;
				CLANG_ANALYZER_NONNULL = YES;
				CLANG_ANALYZER_NUMBER_OBJECT_CONVERSION = YES_AGGRESSIVE;
				CLANG_CXX_LANGUAGE_STANDARD = "gnu++14";
				CLANG_CXX_LIBRARY = "libc++";
				CLANG_ENABLE_MODULES = YES;
				CLANG_ENABLE_OBJC_ARC = YES;
				CLANG_ENABLE_OBJC_WEAK = YES;
				CLANG_WARN_BLOCK_CAPTURE_AUTORELEASING = YES;
				CLANG_WARN_BOOL_CONVERSION = YES;
				CLANG_WARN_COMMA = YES;
				CLANG_WARN_CONSTANT_CONVERSION = YES;
				CLANG_WARN_DEPRECATED_OBJC_IMPLEMENTATIONS = YES;
				CLANG_WARN_DIRECT_OBJC_ISA_USAGE = YES_ERROR;
				CLANG_WARN_DOCUMENTATION_COMMENTS = YES;
				CLANG_WARN_EMPTY_BODY = YES;
				CLANG_WARN_ENUM_CONVERSION = YES;
				CLANG_WARN_INFINITE_RECURSION = YES;
				CLANG_WARN_INT_CONVERSION = YES;
				CLANG_WARN_NON_LITERAL_NULL_CONVERSION = YES;
				CLANG_WARN_OBJC_IMPLICIT_RETAIN_SELF = YES;
				CLANG_WARN_OBJC_LITERAL_CONVERSION = YES;
				CLANG_WARN_OBJC_ROOT_CLASS = YES_ERROR;
				CLANG_WARN_RANGE_LOOP_ANALYSIS = YES;
				CLANG_WARN_STRICT_PROTOTYPES = YES;
				CLANG_WARN_SUSPICIOUS_MOVE = YES;
				CLANG_WARN_UNGUARDED_AVAILABILITY = YES_AGGRESSIVE;
				CLANG_WARN_UNREACHABLE_CODE = YES;
				CLANG_WARN__DUPLICATE_METHOD_MATCH = YES;
				COPY_PHASE_STRIP = NO;
				DEBUG_INFORMATION_FORMAT = "dwarf-with-dsym";
				ENABLE_NS_ASSERTIONS = NO;
				ENABLE_STRICT_OBJC_MSGSEND = YES;
				GCC_C_LANGUAGE_STANDARD = gnu11;
				GCC_NO_COMMON_BLOCKS = YES;
				GCC_WARN_64_TO_32_BIT_CONVERSION = YES;
				GCC_WARN_ABOUT_RETURN_TYPE = YES_ERROR;
				GCC_WARN_UNDECLARED_SELECTOR = YES;
				GCC_WARN_UNINITIALIZED_AUTOS = YES_AGGRESSIVE;
				GCC_WARN_UNUSED_FUNCTION = YES;
				GCC_WARN_UNUSED_VARIABLE = YES;
				MACOSX_DEPLOYMENT_TARGET = 10.15;
				MTL_ENABLE_DEBUG_INFO = NO;
				MTL_FAST_MATH = YES;
				SDKROOT = macosx;
			};
			name = Release;
		};
		8CC97EAC2518128D00A38A56 /* Debug */ = {
			isa = XCBuildConfiguration;
			buildSettings = {
				CODE_SIGN_STYLE = Automatic;
				PRODUCT_NAME = "$(TARGET_NAME)";
			};
			name = Debug;
		};
		8CC97EAD2518128D00A38A56 /* Release */ = {
			isa = XCBuildConfiguration;
			buildSettings = {
				CODE_SIGN_STYLE = Automatic;
				PRODUCT_NAME = "$(TARGET_NAME)";
			};
			name = Release;
		};
/* End XCBuildConfiguration section */

/* Begin XCConfigurationList section */
		8CC97E9F2518128D00A38A56 /* Build configuration list for PBXProject "interviewPractise" */ = {
			isa = XCConfigurationList;
			buildConfigurations = (
				8CC97EA92518128D00A38A56 /* Debug */,
				8CC97EAA2518128D00A38A56 /* Release */,
			);
			defaultConfigurationIsVisible = 0;
			defaultConfigurationName = Release;
		};
		8CC97EAB2518128D00A38A56 /* Build configuration list for PBXNativeTarget "interviewPractise" */ = {
			isa = XCConfigurationList;
			buildConfigurations = (
				8CC97EAC2518128D00A38A56 /* Debug */,
				8CC97EAD2518128D00A38A56 /* Release */,
			);
			defaultConfigurationIsVisible = 0;
			defaultConfigurationName = Release;
		};
/* End XCConfigurationList section */
	};
	rootObject = 8CC97E9C2518128D00A38A56 /* Project object */;
}
